
Microsoft Visual Studio Solution File, Format Version 12.00
# Visual Studio 15
VisualStudioVersion = 15.0.28307.645
MinimumVisualStudioVersion = 10.0.40219.1
Project("{9A19103F-16F7-4668-BE54-9A1E7A4F7556}") = "Resources", "Resources\Resources.csproj", "{1ECFF58C-BD79-4D1B-BD13-303214D384CB}"
EndProject
Project("{9A19103F-16F7-4668-BE54-9A1E7A4F7556}") = "TExceptions", "TExceptions\TExceptions.csproj", "{237427B5-FFDA-4ADB-9E3B-DFE728267BF0}"
EndProject
Project("{9A19103F-16F7-4668-BE54-9A1E7A4F7556}") = "TBotParsers", "TBotParsers\TBotParsers.csproj", "{096873C9-BC03-465C-8925-7E5093311D10}"
EndProject
Project("{9A19103F-16F7-4668-BE54-9A1E7A4F7556}") = "TBotDB", "UsersDataBase\TBotDB.csproj", "{11A0CA7A-34E1-4858-8255-3939AEDB2C0C}"
EndProject
Project("{9A19103F-16F7-4668-BE54-9A1E7A4F7556}") = "TBot", "TBot\TBot.csproj", "{95568F85-9419-48B1-A871-28E20CD657FA}"
EndProject
Global
	GlobalSection(SolutionConfigurationPlatforms) = preSolution
		Debug|Any CPU = Debug|Any CPU
		Release|Any CPU = Release|Any CPU
	EndGlobalSection
	GlobalSection(ProjectConfigurationPlatforms) = postSolution
		{1ECFF58C-BD79-4D1B-BD13-303214D384CB}.Debug|Any CPU.ActiveCfg = Release|Any CPU
		{1ECFF58C-BD79-4D1B-BD13-303214D384CB}.Debug|Any CPU.Build.0 = Release|Any CPU
		{1ECFF58C-BD79-4D1B-BD13-303214D384CB}.Release|Any CPU.ActiveCfg = Release|Any CPU
		{1ECFF58C-BD79-4D1B-BD13-303214D384CB}.Release|Any CPU.Build.0 = Release|Any CPU
		{237427B5-FFDA-4ADB-9E3B-DFE728267BF0}.Debug|Any CPU.ActiveCfg = Debug|Any CPU
		{237427B5-FFDA-4ADB-9E3B-DFE728267BF0}.Debug|Any CPU.Build.0 = Debug|Any CPU
		{237427B5-FFDA-4ADB-9E3B-DFE728267BF0}.Release|Any CPU.ActiveCfg = Release|Any CPU
		{237427B5-FFDA-4ADB-9E3B-DFE728267BF0}.Release|Any CPU.Build.0 = Release|Any CPU
		{096873C9-BC03-465C-8925-7E5093311D10}.Debug|Any CPU.ActiveCfg = Debug|Any CPU
		{096873C9-BC03-465C-8925-7E5093311D10}.Debug|Any CPU.Build.0 = Debug|Any CPU
		{096873C9-BC03-465C-8925-7E5093311D10}.Release|Any CPU.ActiveCfg = Release|Any CPU
		{096873C9-BC03-465C-8925-7E5093311D10}.Release|Any CPU.Build.0 = Release|Any CPU
		{11A0CA7A-34E1-4858-8255-3939AEDB2C0C}.Debug|Any CPU.ActiveCfg = Debug|Any CPU
		{11A0CA7A-34E1-4858-8255-3939AEDB2C0C}.Debug|Any CPU.Build.0 = Debug|Any CPU
		{11A0CA7A-34E1-4858-8255-3939AEDB2C0C}.Release|Any CPU.ActiveCfg = Release|Any CPU
		{11A0CA7A-34E1-4858-8255-3939AEDB2C0C}.Release|Any CPU.Build.0 = Release|Any CPU
		{95568F85-9419-48B1-A871-28E20CD657FA}.Debug|Any CPU.ActiveCfg = Debug|Any CPU
		{95568F85-9419-48B1-A871-28E20CD657FA}.Debug|Any CPU.Build.0 = Debug|Any CPU
		{95568F85-9419-48B1-A871-28E20CD657FA}.Release|Any CPU.ActiveCfg = Release|Any CPU
		{95568F85-9419-48B1-A871-28E20CD657FA}.Release|Any CPU.Build.0 = Release|Any CPU
	EndGlobalSection
	GlobalSection(SolutionProperties) = preSolution
		HideSolutionNode = FALSE
	EndGlobalSection
	GlobalSection(ExtensibilityGlobals) = postSolution
		SolutionGuid = {A2D6634B-DDF3-4487-9ADB-D3ADEFCF4B80}
	EndGlobalSection
EndGlobal
